
Microsoft Visual Studio Solution File, Format Version 12.00
# Visual Studio 15
VisualStudioVersion = 15.0.26124.0
MinimumVisualStudioVersion = 15.0.26124.0
Project("{FAE04EC0-301F-11D3-BF4B-00C04F79EFBC}") = "TI-Domain", "TI-Domain\TI-Domain.csproj", "{956D3362-4216-48F6-AE81-30ED68409659}"
EndProject
Project("{FAE04EC0-301F-11D3-BF4B-00C04F79EFBC}") = "TI-Repository", "TI-Repository\TI-Repository.csproj", "{CEFC9A3A-9161-4300-B4D9-E711A0A43C47}"
EndProject
Project("{FAE04EC0-301F-11D3-BF4B-00C04F79EFBC}") = "TI-Webapi", "TI-Webapi\TI-Webapi.csproj", "{286F922E-20FC-406B-9FF1-1F25243C2B09}"
EndProject
Global
	GlobalSection(SolutionConfigurationPlatforms) = preSolution
		Debug|Any CPU = Debug|Any CPU
		Debug|x64 = Debug|x64
		Debug|x86 = Debug|x86
		Release|Any CPU = Release|Any CPU
		Release|x64 = Release|x64
		Release|x86 = Release|x86
	EndGlobalSection
	GlobalSection(SolutionProperties) = preSolution
		HideSolutionNode = FALSE
	EndGlobalSection
	GlobalSection(ProjectConfigurationPlatforms) = postSolution
		{956D3362-4216-48F6-AE81-30ED68409659}.Debug|Any CPU.ActiveCfg = Debug|Any CPU
		{956D3362-4216-48F6-AE81-30ED68409659}.Debug|Any CPU.Build.0 = Debug|Any CPU
		{956D3362-4216-48F6-AE81-30ED68409659}.Debug|x64.ActiveCfg = Debug|Any CPU
		{956D3362-4216-48F6-AE81-30ED68409659}.Debug|x64.Build.0 = Debug|Any CPU
		{956D3362-4216-48F6-AE81-30ED68409659}.Debug|x86.ActiveCfg = Debug|Any CPU
		{956D3362-4216-48F6-AE81-30ED68409659}.Debug|x86.Build.0 = Debug|Any CPU
		{956D3362-4216-48F6-AE81-30ED68409659}.Release|Any CPU.ActiveCfg = Release|Any CPU
		{956D3362-4216-48F6-AE81-30ED68409659}.Release|Any CPU.Build.0 = Release|Any CPU
		{956D3362-4216-48F6-AE81-30ED68409659}.Release|x64.ActiveCfg = Release|Any CPU
		{956D3362-4216-48F6-AE81-30ED68409659}.Release|x64.Build.0 = Release|Any CPU
		{956D3362-4216-48F6-AE81-30ED68409659}.Release|x86.ActiveCfg = Release|Any CPU
		{956D3362-4216-48F6-AE81-30ED68409659}.Release|x86.Build.0 = Release|Any CPU
		{CEFC9A3A-9161-4300-B4D9-E711A0A43C47}.Debug|Any CPU.ActiveCfg = Debug|Any CPU
		{CEFC9A3A-9161-4300-B4D9-E711A0A43C47}.Debug|Any CPU.Build.0 = Debug|Any CPU
		{CEFC9A3A-9161-4300-B4D9-E711A0A43C47}.Debug|x64.ActiveCfg = Debug|Any CPU
		{CEFC9A3A-9161-4300-B4D9-E711A0A43C47}.Debug|x64.Build.0 = Debug|Any CPU
		{CEFC9A3A-9161-4300-B4D9-E711A0A43C47}.Debug|x86.ActiveCfg = Debug|Any CPU
		{CEFC9A3A-9161-4300-B4D9-E711A0A43C47}.Debug|x86.Build.0 = Debug|Any CPU
		{CEFC9A3A-9161-4300-B4D9-E711A0A43C47}.Release|Any CPU.ActiveCfg = Release|Any CPU
		{CEFC9A3A-9161-4300-B4D9-E711A0A43C47}.Release|Any CPU.Build.0 = Release|Any CPU
		{CEFC9A3A-9161-4300-B4D9-E711A0A43C47}.Release|x64.ActiveCfg = Release|Any CPU
		{CEFC9A3A-9161-4300-B4D9-E711A0A43C47}.Release|x64.Build.0 = Release|Any CPU
		{CEFC9A3A-9161-4300-B4D9-E711A0A43C47}.Release|x86.ActiveCfg = Release|Any CPU
		{CEFC9A3A-9161-4300-B4D9-E711A0A43C47}.Release|x86.Build.0 = Release|Any CPU
		{286F922E-20FC-406B-9FF1-1F25243C2B09}.Debug|Any CPU.ActiveCfg = Debug|Any CPU
		{286F922E-20FC-406B-9FF1-1F25243C2B09}.Debug|Any CPU.Build.0 = Debug|Any CPU
		{286F922E-20FC-406B-9FF1-1F25243C2B09}.Debug|x64.ActiveCfg = Debug|Any CPU
		{286F922E-20FC-406B-9FF1-1F25243C2B09}.Debug|x64.Build.0 = Debug|Any CPU
		{286F922E-20FC-406B-9FF1-1F25243C2B09}.Debug|x86.ActiveCfg = Debug|Any CPU
		{286F922E-20FC-406B-9FF1-1F25243C2B09}.Debug|x86.Build.0 = Debug|Any CPU
		{286F922E-20FC-406B-9FF1-1F25243C2B09}.Release|Any CPU.ActiveCfg = Release|Any CPU
		{286F922E-20FC-406B-9FF1-1F25243C2B09}.Release|Any CPU.Build.0 = Release|Any CPU
		{286F922E-20FC-406B-9FF1-1F25243C2B09}.Release|x64.ActiveCfg = Release|Any CPU
		{286F922E-20FC-406B-9FF1-1F25243C2B09}.Release|x64.Build.0 = Release|Any CPU
		{286F922E-20FC-406B-9FF1-1F25243C2B09}.Release|x86.ActiveCfg = Release|Any CPU
		{286F922E-20FC-406B-9FF1-1F25243C2B09}.Release|x86.Build.0 = Release|Any CPU
	EndGlobalSection
EndGlobal
